
Microsoft Visual Studio Solution File, Format Version 12.00
# Visual Studio Version 16
VisualStudioVersion = 16.0.30114.105
MinimumVisualStudioVersion = 10.0.40219.1
Project("{FAE04EC0-301F-11D3-BF4B-00C04F79EFBC}") = "OGConsole", "OGConsole\OGConsole.csproj", "{45E2F208-5EB6-49BD-AD10-D321A72D1BDF}"
EndProject
Project("{FAE04EC0-301F-11D3-BF4B-00C04F79EFBC}") = "OpacEngine", "OpacEngine\OpacEngine.csproj", "{4C609891-AE51-4301-B66F-C405F55CB86D}"
EndProject
Project("{FAE04EC0-301F-11D3-BF4B-00C04F79EFBC}") = "OGWPF", "OGWPF\OGWPF.csproj", "{5FBF8BD9-6D6A-4C5C-8FDB-B96C4F976CCB}"
EndProject
Global
	GlobalSection(SolutionConfigurationPlatforms) = preSolution
		Debug|Any CPU = Debug|Any CPU
		Release|Any CPU = Release|Any CPU
	EndGlobalSection
	GlobalSection(ProjectConfigurationPlatforms) = postSolution
		{45E2F208-5EB6-49BD-AD10-D321A72D1BDF}.Debug|Any CPU.ActiveCfg = Debug|Any CPU
		{45E2F208-5EB6-49BD-AD10-D321A72D1BDF}.Debug|Any CPU.Build.0 = Debug|Any CPU
		{45E2F208-5EB6-49BD-AD10-D321A72D1BDF}.Release|Any CPU.ActiveCfg = Release|Any CPU
		{45E2F208-5EB6-49BD-AD10-D321A72D1BDF}.Release|Any CPU.Build.0 = Release|Any CPU
		{4C609891-AE51-4301-B66F-C405F55CB86D}.Debug|Any CPU.ActiveCfg = Debug|Any CPU
		{4C609891-AE51-4301-B66F-C405F55CB86D}.Debug|Any CPU.Build.0 = Debug|Any CPU
		{4C609891-AE51-4301-B66F-C405F55CB86D}.Release|Any CPU.ActiveCfg = Release|Any CPU
		{4C609891-AE51-4301-B66F-C405F55CB86D}.Release|Any CPU.Build.0 = Release|Any CPU
		{5FBF8BD9-6D6A-4C5C-8FDB-B96C4F976CCB}.Debug|Any CPU.ActiveCfg = Debug|Any CPU
		{5FBF8BD9-6D6A-4C5C-8FDB-B96C4F976CCB}.Debug|Any CPU.Build.0 = Debug|Any CPU
		{5FBF8BD9-6D6A-4C5C-8FDB-B96C4F976CCB}.Release|Any CPU.ActiveCfg = Release|Any CPU
		{5FBF8BD9-6D6A-4C5C-8FDB-B96C4F976CCB}.Release|Any CPU.Build.0 = Release|Any CPU
	EndGlobalSection
	GlobalSection(SolutionProperties) = preSolution
		HideSolutionNode = FALSE
	EndGlobalSection
	GlobalSection(ExtensibilityGlobals) = postSolution
		SolutionGuid = {1776F68E-E047-4FFC-B948-A7E5181CEE63}
	EndGlobalSection
EndGlobal
